
Microsoft Visual Studio Solution File, Format Version 12.00
# Visual Studio Version 17
VisualStudioVersion = 17.3.32929.385
MinimumVisualStudioVersion = 10.0.40219.1
Project("{FAE04EC0-301F-11D3-BF4B-00C04F79EFBC}") = "教务系统web版", "教务系统web版\教务系统web版.csproj", "{57497EB4-7E61-4385-B577-A22636A1B2DB}"
EndProject
Global
	GlobalSection(SolutionConfigurationPlatforms) = preSolution
		Debug|Any CPU = Debug|Any CPU
		Release|Any CPU = Release|Any CPU
	EndGlobalSection
	GlobalSection(ProjectConfigurationPlatforms) = postSolution
		{57497EB4-7E61-4385-B577-A22636A1B2DB}.Debug|Any CPU.ActiveCfg = Debug|Any CPU
		{57497EB4-7E61-4385-B577-A22636A1B2DB}.Debug|Any CPU.Build.0 = Debug|Any CPU
		{57497EB4-7E61-4385-B577-A22636A1B2DB}.Release|Any CPU.ActiveCfg = Release|Any CPU
		{57497EB4-7E61-4385-B577-A22636A1B2DB}.Release|Any CPU.Build.0 = Release|Any CPU
	EndGlobalSection
	GlobalSection(SolutionProperties) = preSolution
		HideSolutionNode = FALSE
	EndGlobalSection
	GlobalSection(ExtensibilityGlobals) = postSolution
		SolutionGuid = {D2B546A3-99CE-4AE9-BEBA-AF8C31069637}
	EndGlobalSection
EndGlobal
